
Microsoft Visual Studio Solution File, Format Version 12.00
# Visual Studio Version 16
VisualStudioVersion = 16.0.30104.148
MinimumVisualStudioVersion = 10.0.40219.1
Project("{FAE04EC0-301F-11D3-BF4B-00C04F79EFBC}") = "8_1", "8_1.csproj", "{B3F9EF8D-133E-4812-8AF1-DFC3AC6EC90D}"
EndProject
Global
	GlobalSection(SolutionConfigurationPlatforms) = preSolution
		Debug|Any CPU = Debug|Any CPU
		Release|Any CPU = Release|Any CPU
	EndGlobalSection
	GlobalSection(ProjectConfigurationPlatforms) = postSolution
		{B3F9EF8D-133E-4812-8AF1-DFC3AC6EC90D}.Debug|Any CPU.ActiveCfg = Debug|Any CPU
		{B3F9EF8D-133E-4812-8AF1-DFC3AC6EC90D}.Debug|Any CPU.Build.0 = Debug|Any CPU
		{B3F9EF8D-133E-4812-8AF1-DFC3AC6EC90D}.Release|Any CPU.ActiveCfg = Release|Any CPU
		{B3F9EF8D-133E-4812-8AF1-DFC3AC6EC90D}.Release|Any CPU.Build.0 = Release|Any CPU
	EndGlobalSection
	GlobalSection(SolutionProperties) = preSolution
		HideSolutionNode = FALSE
	EndGlobalSection
	GlobalSection(ExtensibilityGlobals) = postSolution
		SolutionGuid = {996DA5D0-5CDC-4867-8329-8E866DD63916}
	EndGlobalSection
EndGlobal
