
Microsoft Visual Studio Solution File, Format Version 12.00
# Visual Studio Version 16
VisualStudioVersion = 16.0.30104.148
MinimumVisualStudioVersion = 10.0.40219.1
Project("{FAE04EC0-301F-11D3-BF4B-00C04F79EFBC}") = "8_2", "8_2.csproj", "{B973A3B2-9E51-4492-9161-102483474AD1}"
EndProject
Global
	GlobalSection(SolutionConfigurationPlatforms) = preSolution
		Debug|Any CPU = Debug|Any CPU
		Release|Any CPU = Release|Any CPU
	EndGlobalSection
	GlobalSection(ProjectConfigurationPlatforms) = postSolution
		{B973A3B2-9E51-4492-9161-102483474AD1}.Debug|Any CPU.ActiveCfg = Debug|Any CPU
		{B973A3B2-9E51-4492-9161-102483474AD1}.Debug|Any CPU.Build.0 = Debug|Any CPU
		{B973A3B2-9E51-4492-9161-102483474AD1}.Release|Any CPU.ActiveCfg = Release|Any CPU
		{B973A3B2-9E51-4492-9161-102483474AD1}.Release|Any CPU.Build.0 = Release|Any CPU
	EndGlobalSection
	GlobalSection(SolutionProperties) = preSolution
		HideSolutionNode = FALSE
	EndGlobalSection
	GlobalSection(ExtensibilityGlobals) = postSolution
		SolutionGuid = {51B46EE2-3876-4821-8B00-FF740D54CFAA}
	EndGlobalSection
EndGlobal
