
Microsoft Visual Studio Solution File, Format Version 12.00
# Visual Studio Version 16
VisualStudioVersion = 16.0.30104.148
MinimumVisualStudioVersion = 10.0.40219.1
Project("{FAE04EC0-301F-11D3-BF4B-00C04F79EFBC}") = "Lab13", "Lab13.csproj", "{F398C10E-2EE0-4087-AAB2-FA7749E71383}"
EndProject
Global
	GlobalSection(SolutionConfigurationPlatforms) = preSolution
		Debug|Any CPU = Debug|Any CPU
		Release|Any CPU = Release|Any CPU
	EndGlobalSection
	GlobalSection(ProjectConfigurationPlatforms) = postSolution
		{F398C10E-2EE0-4087-AAB2-FA7749E71383}.Debug|Any CPU.ActiveCfg = Debug|Any CPU
		{F398C10E-2EE0-4087-AAB2-FA7749E71383}.Debug|Any CPU.Build.0 = Debug|Any CPU
		{F398C10E-2EE0-4087-AAB2-FA7749E71383}.Release|Any CPU.ActiveCfg = Release|Any CPU
		{F398C10E-2EE0-4087-AAB2-FA7749E71383}.Release|Any CPU.Build.0 = Release|Any CPU
	EndGlobalSection
	GlobalSection(SolutionProperties) = preSolution
		HideSolutionNode = FALSE
	EndGlobalSection
	GlobalSection(ExtensibilityGlobals) = postSolution
		SolutionGuid = {E8286CFD-EB8B-4E72-A386-29E4B1219E31}
	EndGlobalSection
EndGlobal
